{
  "requires": true,
  "lockfileVersion": 1,
  "dependencies": {
    "deepmerge": {
      "version": "4.2.2",
      "resolved": "https://registry.npm.taobao.org/deepmerge/download/deepmerge-4.2.2.tgz",
      "integrity": "sha1-RNLqNnm49NT/ujPwPYZfwee/SVU="
    },
    "shvl": {
      "version": "2.0.3",
      "resolved": "https://registry.nlark.com/shvl/download/shvl-2.0.3.tgz",
      "integrity": "sha1-60vTdkT1aEu6H8UsMBDJb7Xmr9E="
    },
    "vuex-persistedstate": {
      "version": "4.1.0",
      "resolved": "https://registry.npmmirror.com/vuex-persistedstate/download/vuex-persistedstate-4.1.0.tgz",
      "integrity": "sha512-3SkEj4NqwM69ikJdFVw6gObeB0NHyspRYMYkR/EbhR0hbvAKyR5gksVhtAfY1UYuWUOCCA0QNGwv9pOwdj+XUQ==",
      "requires": {
        "deepmerge": "^4.2.2",
        "shvl": "^2.0.3"
      }
    }
  }
}
